
Microsoft Visual Studio Solution File, Format Version 12.00
Project("{FAE04EC0-301F-11D3-BF4B-00C04F79EFBC}") = "https", "https.csproj", "{EB6F56C2-AB24-45C5-8FF6-8FD16DE78697}"
EndProject
Global
	GlobalSection(SolutionConfigurationPlatforms) = preSolution
		Debug|Any CPU = Debug|Any CPU
		Release|Any CPU = Release|Any CPU
	EndGlobalSection
	GlobalSection(ProjectConfigurationPlatforms) = postSolution
		{EB6F56C2-AB24-45C5-8FF6-8FD16DE78697}.Debug|Any CPU.ActiveCfg = Debug|Any CPU
		{EB6F56C2-AB24-45C5-8FF6-8FD16DE78697}.Debug|Any CPU.Build.0 = Debug|Any CPU
		{EB6F56C2-AB24-45C5-8FF6-8FD16DE78697}.Release|Any CPU.ActiveCfg = Release|Any CPU
		{EB6F56C2-AB24-45C5-8FF6-8FD16DE78697}.Release|Any CPU.Build.0 = Release|Any CPU
	EndGlobalSection
EndGlobal
