
Microsoft Visual Studio Solution File, Format Version 12.00
Project("{FAE04EC0-301F-11D3-BF4B-00C04F79EFBC}") = "advent-day-1", "advent-day-1.csproj", "{1B2DADE6-4724-4703-A89E-0530CABDEE15}"
EndProject
Global
	GlobalSection(SolutionConfigurationPlatforms) = preSolution
		Debug|Any CPU = Debug|Any CPU
		Release|Any CPU = Release|Any CPU
	EndGlobalSection
	GlobalSection(ProjectConfigurationPlatforms) = postSolution
		{1B2DADE6-4724-4703-A89E-0530CABDEE15}.Debug|Any CPU.ActiveCfg = Debug|Any CPU
		{1B2DADE6-4724-4703-A89E-0530CABDEE15}.Debug|Any CPU.Build.0 = Debug|Any CPU
		{1B2DADE6-4724-4703-A89E-0530CABDEE15}.Release|Any CPU.ActiveCfg = Release|Any CPU
		{1B2DADE6-4724-4703-A89E-0530CABDEE15}.Release|Any CPU.Build.0 = Release|Any CPU
	EndGlobalSection
EndGlobal
