
Microsoft Visual Studio Solution File, Format Version 12.00
Project("{FAE04EC0-301F-11D3-BF4B-00C04F79EFBC}") = "skolni znamky", "skolni znamky.csproj", "{D54584BE-C507-4F4A-BF01-38D3C6AD992A}"
EndProject
Global
	GlobalSection(SolutionConfigurationPlatforms) = preSolution
		Debug|Any CPU = Debug|Any CPU
		Release|Any CPU = Release|Any CPU
	EndGlobalSection
	GlobalSection(ProjectConfigurationPlatforms) = postSolution
		{D54584BE-C507-4F4A-BF01-38D3C6AD992A}.Debug|Any CPU.ActiveCfg = Debug|Any CPU
		{D54584BE-C507-4F4A-BF01-38D3C6AD992A}.Debug|Any CPU.Build.0 = Debug|Any CPU
		{D54584BE-C507-4F4A-BF01-38D3C6AD992A}.Release|Any CPU.ActiveCfg = Release|Any CPU
		{D54584BE-C507-4F4A-BF01-38D3C6AD992A}.Release|Any CPU.Build.0 = Release|Any CPU
	EndGlobalSection
EndGlobal
